
Microsoft Visual Studio Solution File, Format Version 12.00
# Visual Studio Version 16
VisualStudioVersion = 16.0.29503.13
MinimumVisualStudioVersion = 10.0.40219.1
Project("{FAE04EC0-301F-11D3-BF4B-00C04F79EFBC}") = "Lab7", "Lab7\Lab7.csproj", "{AC18C9DD-BF97-40C3-BF7B-5CEE2512B59E}"
EndProject
Global
	GlobalSection(SolutionConfigurationPlatforms) = preSolution
		Debug|Any CPU = Debug|Any CPU
		Release|Any CPU = Release|Any CPU
	EndGlobalSection
	GlobalSection(ProjectConfigurationPlatforms) = postSolution
		{AC18C9DD-BF97-40C3-BF7B-5CEE2512B59E}.Debug|Any CPU.ActiveCfg = Debug|Any CPU
		{AC18C9DD-BF97-40C3-BF7B-5CEE2512B59E}.Debug|Any CPU.Build.0 = Debug|Any CPU
		{AC18C9DD-BF97-40C3-BF7B-5CEE2512B59E}.Release|Any CPU.ActiveCfg = Release|Any CPU
		{AC18C9DD-BF97-40C3-BF7B-5CEE2512B59E}.Release|Any CPU.Build.0 = Release|Any CPU
	EndGlobalSection
	GlobalSection(SolutionProperties) = preSolution
		HideSolutionNode = FALSE
	EndGlobalSection
	GlobalSection(ExtensibilityGlobals) = postSolution
		SolutionGuid = {39A74C45-F34F-4D06-8D4C-4E70EAC3E23F}
	EndGlobalSection
EndGlobal
